
Microsoft Visual Studio Solution File, Format Version 12.00
# Visual Studio 15
VisualStudioVersion = 15.0.28010.2048
MinimumVisualStudioVersion = 10.0.40219.1
Project("{FAE04EC0-301F-11D3-BF4B-00C04F79EFBC}") = "Fractions", "Fractions\Fractions.csproj", "{C204CB12-1D48-4FBF-8ED0-FD00B09860F5}"
EndProject
Global
	GlobalSection(SolutionConfigurationPlatforms) = preSolution
		Debug|Any CPU = Debug|Any CPU
		Release|Any CPU = Release|Any CPU
	EndGlobalSection
	GlobalSection(ProjectConfigurationPlatforms) = postSolution
		{C204CB12-1D48-4FBF-8ED0-FD00B09860F5}.Debug|Any CPU.ActiveCfg = Debug|Any CPU
		{C204CB12-1D48-4FBF-8ED0-FD00B09860F5}.Debug|Any CPU.Build.0 = Debug|Any CPU
		{C204CB12-1D48-4FBF-8ED0-FD00B09860F5}.Release|Any CPU.ActiveCfg = Release|Any CPU
		{C204CB12-1D48-4FBF-8ED0-FD00B09860F5}.Release|Any CPU.Build.0 = Release|Any CPU
	EndGlobalSection
	GlobalSection(SolutionProperties) = preSolution
		HideSolutionNode = FALSE
	EndGlobalSection
	GlobalSection(ExtensibilityGlobals) = postSolution
		SolutionGuid = {6DEEDDDF-764E-4DDF-8D52-E9D53585950E}
	EndGlobalSection
EndGlobal
